
Microsoft Visual Studio Solution File, Format Version 12.00
# Visual Studio Version 17
VisualStudioVersion = 17.12.35506.116 d17.12
MinimumVisualStudioVersion = 10.0.40219.1
Project("{FAE04EC0-301F-11D3-BF4B-00C04F79EFBC}") = "AoC21", "AoC21.csproj", "{CEA47C8A-F82E-4BE4-A273-FFCD7C7EDA01}"
EndProject
Global
	GlobalSection(SolutionConfigurationPlatforms) = preSolution
		Debug|Any CPU = Debug|Any CPU
		Release|Any CPU = Release|Any CPU
	EndGlobalSection
	GlobalSection(ProjectConfigurationPlatforms) = postSolution
		{CEA47C8A-F82E-4BE4-A273-FFCD7C7EDA01}.Debug|Any CPU.ActiveCfg = Debug|Any CPU
		{CEA47C8A-F82E-4BE4-A273-FFCD7C7EDA01}.Debug|Any CPU.Build.0 = Debug|Any CPU
		{CEA47C8A-F82E-4BE4-A273-FFCD7C7EDA01}.Release|Any CPU.ActiveCfg = Release|Any CPU
		{CEA47C8A-F82E-4BE4-A273-FFCD7C7EDA01}.Release|Any CPU.Build.0 = Release|Any CPU
	EndGlobalSection
	GlobalSection(SolutionProperties) = preSolution
		HideSolutionNode = FALSE
	EndGlobalSection
EndGlobal
